# This file is generated by running "yarn install" inside your project.
# Manual changes might be lost - proceed with caution!

__metadata:
  version: 8
  cacheKey: 10

"@napi-rs/cli@npm:^2.18.4":
  version: 2.18.4
  resolution: "@napi-rs/cli@npm:2.18.4"
  bin:
    napi: scripts/index.js
  checksum: 10/b9bdb0e0f96328315a5ad7846df5c72f5f00c707aa58bf2e8b753ad419c4a45989ba6967c8a27acf1552051d2693ae43a9be9ab2c173671040c1861e6d920ac6
  languageName: node
  linkType: hard

"@types/node@npm:^20.14.10":
  version: 20.14.10
  resolution: "@types/node@npm:20.14.10"
  dependencies:
    undici-types: "npm:~5.26.4"
  checksum: 10/672892cf94d0d95cf052f11271990686a0fd204cd1e5fe7a4ef240e5315e06711765dc47b9ec98627d3adac18b8c92bb7e2d8db21d18faa20bc3e3203a143e79
  languageName: node
  linkType: hard

"img-hasher@workspace:.":
  version: 0.0.0-use.local
  resolution: "img-hasher@workspace:."
  dependencies:
    "@napi-rs/cli": "npm:^2.18.4"
    "@types/node": "npm:^20.14.10"
    prettier: "npm:^3.3.3"
  languageName: unknown
  linkType: soft

"prettier@npm:^3.3.3":
  version: 3.3.3
  resolution: "prettier@npm:3.3.3"
  bin:
    prettier: bin/prettier.cjs
  checksum: 10/5beac1f30b5b40162532b8e2f7c3a4eb650910a2695e9c8512a62ffdc09dae93190c29db9107fa7f26d1b6c71aad3628ecb9b5de1ecb0911191099be109434d7
  languageName: node
  linkType: hard

"undici-types@npm:~5.26.4":
  version: 5.26.5
  resolution: "undici-types@npm:5.26.5"
  checksum: 10/0097779d94bc0fd26f0418b3a05472410408877279141ded2bd449167be1aed7ea5b76f756562cb3586a07f251b90799bab22d9019ceba49c037c76445f7cddd
  languageName: node
  linkType: hard
