# This file is generated by running "yarn install" inside your project.
# Manual changes might be lost - proceed with caution!

__metadata:
  version: 8
  cacheKey: 10

"@napi-rs/cli@npm:^2.17.0":
  version: 2.17.0
  resolution: "@napi-rs/cli@npm:2.17.0"
  bin:
    napi: scripts/index.js
  checksum: cd3f1059a0ae7869a55c5a07e72d9c9ee85352831f7052b3904a54b6d8d8ef1b0da5c5b8a620eca363054b6928404a61882bab6ea1aa326d99f8adbbc2ba6b56
  languageName: node
  linkType: hard

"@types/node@npm:^20.11.0":
  version: 20.11.0
  resolution: "@types/node@npm:20.11.0"
  dependencies:
    undici-types: "npm:~5.26.4"
  checksum: 8da60a8ccb65181c3d6f7686ddc5f1b1616cafa14d9e520a866adff82c17cc99336a78dd7ce7bee8f54e2332946f678b0e3aa377fbaaf751d3c05b64600872c6
  languageName: node
  linkType: hard

"img-hasher@workspace:.":
  version: 0.0.0-use.local
  resolution: "img-hasher@workspace:."
  dependencies:
    "@napi-rs/cli": "npm:^2.17.0"
    "@types/node": "npm:^20.11.0"
    prettier: "npm:^3.2.2"
  languageName: unknown
  linkType: soft

"prettier@npm:^3.2.2":
  version: 3.2.2
  resolution: "prettier@npm:3.2.2"
  bin:
    prettier: bin/prettier.cjs
  checksum: ab9470ff6cfd19f28bc424f22e58f2fc4a488d148b9384f6c3739235017c8350cae82b3697392c23d9b098b9d8dfaa1cc9ff4ef25fd45f54c97b95f9cc7a1f7d
  languageName: node
  linkType: hard

"undici-types@npm:~5.26.4":
  version: 5.26.5
  resolution: "undici-types@npm:5.26.5"
  checksum: 0097779d94bc0fd26f0418b3a05472410408877279141ded2bd449167be1aed7ea5b76f756562cb3586a07f251b90799bab22d9019ceba49c037c76445f7cddd
  languageName: node
  linkType: hard
