# This file is generated by running "yarn install" inside your project.
# Manual changes might be lost - proceed with caution!

__metadata:
  version: 8
  cacheKey: 10

"@napi-rs/cli@npm:^2.18.4":
  version: 2.18.4
  resolution: "@napi-rs/cli@npm:2.18.4"
  bin:
    napi: scripts/index.js
  checksum: 10/b9bdb0e0f96328315a5ad7846df5c72f5f00c707aa58bf2e8b753ad419c4a45989ba6967c8a27acf1552051d2693ae43a9be9ab2c173671040c1861e6d920ac6
  languageName: node
  linkType: hard

"@types/node@npm:^22.13.8":
  version: 22.13.8
  resolution: "@types/node@npm:22.13.8"
  dependencies:
    undici-types: "npm:~6.20.0"
  checksum: 10/b69de3caab80336747bf41b5063478d23b196b9594c6f2eb819791380cc571676087dceb0fde9531ef7a1293f3eae12a9aaf79d8de349378c29a17c5e657bc78
  languageName: node
  linkType: hard

"img-hasher@workspace:.":
  version: 0.0.0-use.local
  resolution: "img-hasher@workspace:."
  dependencies:
    "@napi-rs/cli": "npm:^2.18.4"
    "@types/node": "npm:^22.13.8"
    prettier: "npm:^3.5.2"
  languageName: unknown
  linkType: soft

"prettier@npm:^3.5.2":
  version: 3.5.2
  resolution: "prettier@npm:3.5.2"
  bin:
    prettier: bin/prettier.cjs
  checksum: 10/ac7a157c8ec76459b13d81a03ff65d228015992cb926b676b0f1c83edd47e5db8ba257336b400be20942fc671816f1afde377cffe94d9e4368762a3d3acbffe5
  languageName: node
  linkType: hard

"undici-types@npm:~6.20.0":
  version: 6.20.0
  resolution: "undici-types@npm:6.20.0"
  checksum: 10/583ac7bbf4ff69931d3985f4762cde2690bb607844c16a5e2fbb92ed312fe4fa1b365e953032d469fa28ba8b224e88a595f0b10a449332f83fa77c695e567dbe
  languageName: node
  linkType: hard
